<?xml version="1.0" encoding="utf-8"?>
<Project ToolsVersion="4.0" xmlns="http://schemas.microsoft.com/developer/msbuild/2003">
  <ItemGroup>
    <ClCompile Include="include\imgui\imgui.cpp" />
    <ClCompile Include="include\imgui\imgui_demo.cpp" />
    <ClCompile Include="include\imgui\imgui_draw.cpp" />
    <ClCompile Include="include\imgui\imgui_impl_sdl_gl3.cpp" />
    <ClCompile Include="src\main.cpp" />
    <ClCompile Include="src\render.cpp" />
  </ItemGroup>
  <ItemGroup>
    <Filter Include="Shaders">
      <UniqueIdentifier>{e2c35790-aa46-40e8-a49f-cc823332c01e}</UniqueIdentifier>
    </Filter>
    <Filter Include="Textures">
      <UniqueIdentifier>{899d1b57-e4e5-46bb-a822-cea7e308fedf}</UniqueIdentifier>
    </Filter>
  </ItemGroup>
  <ItemGroup>
    <ClInclude Include="FileLoader.h" />
    <ClInclude Include="stb_image.h" />
  </ItemGroup>
  <ItemGroup>
    <None Include="resources\unlit.vert">
      <Filter>Shaders</Filter>
    </None>
    <None Include="resources\phong.vert">
      <Filter>Shaders</Filter>
    </None>
    <None Include="resources\axis.vert">
      <Filter>Shaders</Filter>
    </None>
    <None Include="resources\axis.frag">
      <Filter>Shaders</Filter>
    </None>
    <None Include="resources\phong.frag">
      <Filter>Shaders</Filter>
    </None>
    <None Include="resources\unlit.frag">
      <Filter>Shaders</Filter>
    </None>
    <None Include="resources\cube_org.vert">
      <Filter>Shaders</Filter>
    </None>
    <None Include="resources\cube_org.frag">
      <Filter>Shaders</Filter>
    </None>
    <None Include="resources\explode.geom">
      <Filter>Shaders</Filter>
    </None>
    <None Include="billboard.geom">
      <Filter>Shaders</Filter>
    </None>
    <None Include="resources\toon.frag">
      <Filter>Shaders</Filter>
    </None>
  </ItemGroup>
  <ItemGroup>
    <Image Include="resources\Textures\Metal_AlbedoTransparency.png">
      <Filter>Textures</Filter>
    </Image>
    <Image Include="resources\Textures\Metal_Normal.png">
      <Filter>Textures</Filter>
    </Image>
    <Image Include="resources\Textures\Metal_SpecularSmoothness.png">
      <Filter>Textures</Filter>
    </Image>
    <Image Include="resources\Textures\MetalPaint_AlbedoTransparency.png">
      <Filter>Textures</Filter>
    </Image>
    <Image Include="resources\Textures\MetalPaint_Normal.png">
      <Filter>Textures</Filter>
    </Image>
    <Image Include="resources\Textures\MetalPaint_SpecularSmoothness.png">
      <Filter>Textures</Filter>
    </Image>
    <Image Include="resources\textures\Metal_Bump.png">
      <Filter>Textures</Filter>
    </Image>
  </ItemGroup>
</Project>